
Microsoft Visual Studio Solution File, Format Version 12.00
# Visual Studio Version 16
VisualStudioVersion = 16.0.29503.13
MinimumVisualStudioVersion = 10.0.40219.1
Project("{FAE04EC0-301F-11D3-BF4B-00C04F79EFBC}") = "FinalSite", "FinalSite\FinalSite.csproj", "{DC6BB09A-FAB8-4970-9528-10F8AD1DEE52}"
EndProject
Global
	GlobalSection(SolutionConfigurationPlatforms) = preSolution
		Debug|Any CPU = Debug|Any CPU
		Release|Any CPU = Release|Any CPU
	EndGlobalSection
	GlobalSection(ProjectConfigurationPlatforms) = postSolution
		{DC6BB09A-FAB8-4970-9528-10F8AD1DEE52}.Debug|Any CPU.ActiveCfg = Debug|Any CPU
		{DC6BB09A-FAB8-4970-9528-10F8AD1DEE52}.Debug|Any CPU.Build.0 = Debug|Any CPU
		{DC6BB09A-FAB8-4970-9528-10F8AD1DEE52}.Release|Any CPU.ActiveCfg = Release|Any CPU
		{DC6BB09A-FAB8-4970-9528-10F8AD1DEE52}.Release|Any CPU.Build.0 = Release|Any CPU
	EndGlobalSection
	GlobalSection(SolutionProperties) = preSolution
		HideSolutionNode = FALSE
	EndGlobalSection
	GlobalSection(ExtensibilityGlobals) = postSolution
		SolutionGuid = {90BAFD3C-474C-44DA-BC67-7B29CA73739C}
	EndGlobalSection
EndGlobal
